
Microsoft Visual Studio Solution File, Format Version 12.00
# Visual Studio Version 16
VisualStudioVersion = 16.0.30114.105
MinimumVisualStudioVersion = 10.0.40219.1
Project("{FAE04EC0-301F-11D3-BF4B-00C04F79EFBC}") = "SSContainer.Domain", "SSContainer.Domain\SSContainer.Domain.csproj", "{9FD870A6-EBD4-4E22-8B16-23A91BDA93FD}"
EndProject
Project("{FAE04EC0-301F-11D3-BF4B-00C04F79EFBC}") = "SSContainer.Domain.Core", "SSContainer.Domain.Core\SSContainer.Domain.Core.csproj", "{DFCF0C9F-BA2F-4C1D-BE68-802B00ECC3B0}"
EndProject
Global
	GlobalSection(SolutionConfigurationPlatforms) = preSolution
		Debug|Any CPU = Debug|Any CPU
		Release|Any CPU = Release|Any CPU
	EndGlobalSection
	GlobalSection(SolutionProperties) = preSolution
		HideSolutionNode = FALSE
	EndGlobalSection
	GlobalSection(ProjectConfigurationPlatforms) = postSolution
		{9FD870A6-EBD4-4E22-8B16-23A91BDA93FD}.Debug|Any CPU.ActiveCfg = Debug|Any CPU
		{9FD870A6-EBD4-4E22-8B16-23A91BDA93FD}.Debug|Any CPU.Build.0 = Debug|Any CPU
		{9FD870A6-EBD4-4E22-8B16-23A91BDA93FD}.Release|Any CPU.ActiveCfg = Release|Any CPU
		{9FD870A6-EBD4-4E22-8B16-23A91BDA93FD}.Release|Any CPU.Build.0 = Release|Any CPU
		{DFCF0C9F-BA2F-4C1D-BE68-802B00ECC3B0}.Debug|Any CPU.ActiveCfg = Debug|Any CPU
		{DFCF0C9F-BA2F-4C1D-BE68-802B00ECC3B0}.Debug|Any CPU.Build.0 = Debug|Any CPU
		{DFCF0C9F-BA2F-4C1D-BE68-802B00ECC3B0}.Release|Any CPU.ActiveCfg = Release|Any CPU
		{DFCF0C9F-BA2F-4C1D-BE68-802B00ECC3B0}.Release|Any CPU.Build.0 = Release|Any CPU
	EndGlobalSection
EndGlobal
